
Microsoft Visual Studio Solution File, Format Version 12.00
# Visual Studio Version 17
VisualStudioVersion = 17.11.35431.28
MinimumVisualStudioVersion = 10.0.40219.1
Project("{FAE04EC0-301F-11D3-BF4B-00C04F79EFBC}") = "homework4", "homework4\homework4.csproj", "{984FB6B4-12FD-4183-B8EB-44D980070A3A}"
EndProject
Project("{FAE04EC0-301F-11D3-BF4B-00C04F79EFBC}") = "Tumakov4", "Tumakov4\Tumakov4.csproj", "{C5C66003-76C7-40C4-998B-E04AF9F2692F}"
EndProject
Global
	GlobalSection(SolutionConfigurationPlatforms) = preSolution
		Debug|Any CPU = Debug|Any CPU
		Release|Any CPU = Release|Any CPU
	EndGlobalSection
	GlobalSection(ProjectConfigurationPlatforms) = postSolution
		{984FB6B4-12FD-4183-B8EB-44D980070A3A}.Debug|Any CPU.ActiveCfg = Debug|Any CPU
		{984FB6B4-12FD-4183-B8EB-44D980070A3A}.Debug|Any CPU.Build.0 = Debug|Any CPU
		{984FB6B4-12FD-4183-B8EB-44D980070A3A}.Release|Any CPU.ActiveCfg = Release|Any CPU
		{984FB6B4-12FD-4183-B8EB-44D980070A3A}.Release|Any CPU.Build.0 = Release|Any CPU
		{C5C66003-76C7-40C4-998B-E04AF9F2692F}.Debug|Any CPU.ActiveCfg = Debug|Any CPU
		{C5C66003-76C7-40C4-998B-E04AF9F2692F}.Debug|Any CPU.Build.0 = Debug|Any CPU
		{C5C66003-76C7-40C4-998B-E04AF9F2692F}.Release|Any CPU.ActiveCfg = Release|Any CPU
		{C5C66003-76C7-40C4-998B-E04AF9F2692F}.Release|Any CPU.Build.0 = Release|Any CPU
	EndGlobalSection
	GlobalSection(SolutionProperties) = preSolution
		HideSolutionNode = FALSE
	EndGlobalSection
	GlobalSection(ExtensibilityGlobals) = postSolution
		SolutionGuid = {2CA42D3C-077D-4E4C-ABCD-F164F60B472A}
	EndGlobalSection
EndGlobal
